
Microsoft Visual Studio Solution File, Format Version 12.00
# Visual Studio 15
VisualStudioVersion = 15.0.28307.572
MinimumVisualStudioVersion = 10.0.40219.1
Project("{FAE04EC0-301F-11D3-BF4B-00C04F79EFBC}") = "BancHores", "BancHores\BancHores.csproj", "{A5E6369C-A19D-4D95-BA48-F7BD70055E09}"
EndProject
Global
	GlobalSection(SolutionConfigurationPlatforms) = preSolution
		Debug|Any CPU = Debug|Any CPU
		Release|Any CPU = Release|Any CPU
	EndGlobalSection
	GlobalSection(ProjectConfigurationPlatforms) = postSolution
		{A5E6369C-A19D-4D95-BA48-F7BD70055E09}.Debug|Any CPU.ActiveCfg = Debug|Any CPU
		{A5E6369C-A19D-4D95-BA48-F7BD70055E09}.Debug|Any CPU.Build.0 = Debug|Any CPU
		{A5E6369C-A19D-4D95-BA48-F7BD70055E09}.Release|Any CPU.ActiveCfg = Release|Any CPU
		{A5E6369C-A19D-4D95-BA48-F7BD70055E09}.Release|Any CPU.Build.0 = Release|Any CPU
	EndGlobalSection
	GlobalSection(SolutionProperties) = preSolution
		HideSolutionNode = FALSE
	EndGlobalSection
	GlobalSection(ExtensibilityGlobals) = postSolution
		SolutionGuid = {3D2E7AC0-7959-4F52-9813-05CC23132F04}
	EndGlobalSection
EndGlobal
